// !$*UTF8*$!
{
	archiveVersion = 1;
	classes = {
	};
	objectVersion = 77;
	objects = {

/* Begin PBXContainerItemProxy section */
		337C88032E43A0C500BE0B8D /* PBXContainerItemProxy */ = {
			isa = PBXContainerItemProxy;
			containerPortal = 337C87E12E43A0C300BE0B8D /* Project object */;
			proxyType = 1;
			remoteGlobalIDString = 337C87E82E43A0C300BE0B8D;
			remoteInfo = Sproutly;
		};
		337C880D2E43A0C500BE0B8D /* PBXContainerItemProxy */ = {
			isa = PBXContainerItemProxy;
			containerPortal = 337C87E12E43A0C300BE0B8D /* Project object */;
			proxyType = 1;
			remoteGlobalIDString = 337C87E82E43A0C300BE0B8D;
			remoteInfo = Sproutly;
		};
/* End PBXContainerItemProxy section */

/* Begin PBXFileReference section */
		337C87E92E43A0C300BE0B8D /* Sproutly.app */ = {isa = PBXFileReference; explicitFileType = wrapper.application; includeInIndex = 0; path = Sproutly.app; sourceTree = BUILT_PRODUCTS_DIR; };
		337C88022E43A0C500BE0B8D /* SproutlyTests.xctest */ = {isa = PBXFileReference; explicitFileType = wrapper.cfbundle; includeInIndex = 0; path = SproutlyTests.xctest; sourceTree = BUILT_PRODUCTS_DIR; };
		337C880C2E43A0C500BE0B8D /* SproutlyUITests.xctest */ = {isa = PBXFileReference; explicitFileType = wrapper.cfbundle; includeInIndex = 0; path = SproutlyUITests.xctest; sourceTree = BUILT_PRODUCTS_DIR; };
/* End PBXFileReference section */

/* Begin PBXFileSystemSynchronizedBuildFileExceptionSet section */
		337C88142E43A0C500BE0B8D /* Exceptions for "Sproutly" folder in "Sproutly" target */ = {
			isa = PBXFileSystemSynchronizedBuildFileExceptionSet;
			membershipExceptions = (
				Info.plist,
			);
			target = 337C87E82E43A0C300BE0B8D /* Sproutly */;
		};
/* End PBXFileSystemSynchronizedBuildFileExceptionSet section */

/* Begin PBXFileSystemSynchronizedRootGroup section */
		337C87EB2E43A0C300BE0B8D /* Sproutly */ = {
			isa = PBXFileSystemSynchronizedRootGroup;
			exceptions = (
				337C88142E43A0C500BE0B8D /* Exceptions for "Sproutly" folder in "Sproutly" target */,
			);
			path = Sproutly;
			sourceTree = "<group>";
		};
		337C88052E43A0C500BE0B8D /* SproutlyTests */ = {
			isa = PBXFileSystemSynchronizedRootGroup;
			path = SproutlyTests;
			sourceTree = "<group>";
		};
		337C880F2E43A0C500BE0B8D /* SproutlyUITests */ = {
			isa = PBXFileSystemSynchronizedRootGroup;
			path = SproutlyUITests;
			sourceTree = "<group>";
		};
/* End PBXFileSystemSynchronizedRootGroup section */

/* Begin PBXFrameworksBuildPhase section */
		337C87E62E43A0C300BE0B8D /* Frameworks */ = {
			isa = PBXFrameworksBuildPhase;
			buildActionMask = 2147483647;
			files = (
			);
			runOnlyForDeploymentPostprocessing = 0;
		};
		337C87FF2E43A0C500BE0B8D /* Frameworks */ = {
			isa = PBXFrameworksBuildPhase;
			buildActionMask = 2147483647;
			files = (
			);
			runOnlyForDeploymentPostprocessing = 0;
		};
		337C88092E43A0C500BE0B8D /* Frameworks */ = {
			isa = PBXFrameworksBuildPhase;
			buildActionMask = 2147483647;
			files = (
			);
			runOnlyForDeploymentPostprocessing = 0;
		};
/* End PBXFrameworksBuildPhase section */

/* Begin PBXGroup section */
		337C87E02E43A0C300BE0B8D = {
			isa = PBXGroup;
			children = (
				337C87EB2E43A0C300BE0B8D /* Sproutly */,
				337C88052E43A0C500BE0B8D /* SproutlyTests */,
				337C880F2E43A0C500BE0B8D /* SproutlyUITests */,
				337C87EA2E43A0C300BE0B8D /* Products */,
			);
			sourceTree = "<group>";
		};
		337C87EA2E43A0C300BE0B8D /* Products */ = {
			isa = PBXGroup;
			children = (
				337C87E92E43A0C300BE0B8D /* Sproutly.app */,
				337C88022E43A0C500BE0B8D /* SproutlyTests.xctest */,
				337C880C2E43A0C500BE0B8D /* SproutlyUITests.xctest */,
			);
			name = Products;
			sourceTree = "<group>";
		};
/* End PBXGroup section */

/* Begin PBXNativeTarget section */
		337C87E82E43A0C300BE0B8D /* Sproutly */ = {
			isa = PBXNativeTarget;
			buildConfigurationList = 337C88152E43A0C500BE0B8D /* Build configuration list for PBXNativeTarget "Sproutly" */;
			buildPhases = (
				337C87E52E43A0C300BE0B8D /* Sources */,
				337C87E62E43A0C300BE0B8D /* Frameworks */,
				337C87E72E43A0C300BE0B8D /* Resources */,
			);
			buildRules = (
			);
			dependencies = (
			);
			fileSystemSynchronizedGroups = (
				337C87EB2E43A0C300BE0B8D /* Sproutly */,
			);
			name = Sproutly;
			packageProductDependencies = (
			);
			productName = Sproutly;
			productReference = 337C87E92E43A0C300BE0B8D /* Sproutly.app */;
			productType = "com.apple.product-type.application";
		};
		337C88012E43A0C500BE0B8D /* SproutlyTests */ = {
			isa = PBXNativeTarget;
			buildConfigurationList = 337C881A2E43A0C500BE0B8D /* Build configuration list for PBXNativeTarget "SproutlyTests" */;
			buildPhases = (
				337C87FE2E43A0C500BE0B8D /* Sources */,
				337C87FF2E43A0C500BE0B8D /* Frameworks */,
				337C88002E43A0C500BE0B8D /* Resources */,
			);
			buildRules = (
			);
			dependencies = (
				337C88042E43A0C500BE0B8D /* PBXTargetDependency */,
			);
			fileSystemSynchronizedGroups = (
				337C88052E43A0C500BE0B8D /* SproutlyTests */,
			);
			name = SproutlyTests;
			packageProductDependencies = (
			);
			productName = SproutlyTests;
			productReference = 337C88022E43A0C500BE0B8D /* SproutlyTests.xctest */;
			productType = "com.apple.product-type.bundle.unit-test";
		};
		337C880B2E43A0C500BE0B8D /* SproutlyUITests */ = {
			isa = PBXNativeTarget;
			buildConfigurationList = 337C881D2E43A0C500BE0B8D /* Build configuration list for PBXNativeTarget "SproutlyUITests" */;
			buildPhases = (
				337C88082E43A0C500BE0B8D /* Sources */,
				337C88092E43A0C500BE0B8D /* Frameworks */,
				337C880A2E43A0C500BE0B8D /* Resources */,
			);
			buildRules = (
			);
			dependencies = (
				337C880E2E43A0C500BE0B8D /* PBXTargetDependency */,
			);
			fileSystemSynchronizedGroups = (
				337C880F2E43A0C500BE0B8D /* SproutlyUITests */,
			);
			name = SproutlyUITests;
			packageProductDependencies = (
			);
			productName = SproutlyUITests;
			productReference = 337C880C2E43A0C500BE0B8D /* SproutlyUITests.xctest */;
			productType = "com.apple.product-type.bundle.ui-testing";
		};
/* End PBXNativeTarget section */

/* Begin PBXProject section */
		337C87E12E43A0C300BE0B8D /* Project object */ = {
			isa = PBXProject;
			attributes = {
				BuildIndependentTargetsInParallel = 1;
				LastSwiftUpdateCheck = 1620;
				LastUpgradeCheck = 1620;
				TargetAttributes = {
					337C87E82E43A0C300BE0B8D = {
						CreatedOnToolsVersion = 16.2;
					};
					337C88012E43A0C500BE0B8D = {
						CreatedOnToolsVersion = 16.2;
						TestTargetID = 337C87E82E43A0C300BE0B8D;
					};
					337C880B2E43A0C500BE0B8D = {
						CreatedOnToolsVersion = 16.2;
						TestTargetID = 337C87E82E43A0C300BE0B8D;
					};
				};
			};
			buildConfigurationList = 337C87E42E43A0C300BE0B8D /* Build configuration list for PBXProject "Sproutly" */;
			developmentRegion = en;
			hasScannedForEncodings = 0;
			knownRegions = (
				en,
				Base,
			);
			mainGroup = 337C87E02E43A0C300BE0B8D;
			minimizedProjectReferenceProxies = 1;
			preferredProjectObjectVersion = 77;
			productRefGroup = 337C87EA2E43A0C300BE0B8D /* Products */;
			projectDirPath = "";
			projectRoot = "";
			targets = (
				337C87E82E43A0C300BE0B8D /* Sproutly */,
				337C88012E43A0C500BE0B8D /* SproutlyTests */,
				337C880B2E43A0C500BE0B8D /* SproutlyUITests */,
			);
		};
/* End PBXProject section */

/* Begin PBXResourcesBuildPhase section */
		337C87E72E43A0C300BE0B8D /* Resources */ = {
			isa = PBXResourcesBuildPhase;
			buildActionMask = 2147483647;
			files = (
			);
			runOnlyForDeploymentPostprocessing = 0;
		};
		337C88002E43A0C500BE0B8D /* Resources */ = {
			isa = PBXResourcesBuildPhase;
			buildActionMask = 2147483647;
			files = (
			);
			runOnlyForDeploymentPostprocessing = 0;
		};
		337C880A2E43A0C500BE0B8D /* Resources */ = {
			isa = PBXResourcesBuildPhase;
			buildActionMask = 2147483647;
			files = (
			);
			runOnlyForDeploymentPostprocessing = 0;
		};
/* End PBXResourcesBuildPhase section */

/* Begin PBXSourcesBuildPhase section */
		337C87E52E43A0C300BE0B8D /* Sources */ = {
			isa = PBXSourcesBuildPhase;
			buildActionMask = 2147483647;
			files = (
			);
			runOnlyForDeploymentPostprocessing = 0;
		};
		337C87FE2E43A0C500BE0B8D /* Sources */ = {
			isa = PBXSourcesBuildPhase;
			buildActionMask = 2147483647;
			files = (
			);
			runOnlyForDeploymentPostprocessing = 0;
		};
		337C88082E43A0C500BE0B8D /* Sources */ = {
			isa = PBXSourcesBuildPhase;
			buildActionMask = 2147483647;
			files = (
			);
			runOnlyForDeploymentPostprocessing = 0;
		};
/* End PBXSourcesBuildPhase section */

/* Begin PBXTargetDependency section */
		337C88042E43A0C500BE0B8D /* PBXTargetDependency */ = {
			isa = PBXTargetDependency;
			target = 337C87E82E43A0C300BE0B8D /* Sproutly */;
			targetProxy = 337C88032E43A0C500BE0B8D /* PBXContainerItemProxy */;
		};
		337C880E2E43A0C500BE0B8D /* PBXTargetDependency */ = {
			isa = PBXTargetDependency;
			target = 337C87E82E43A0C300BE0B8D /* Sproutly */;
			targetProxy = 337C880D2E43A0C500BE0B8D /* PBXContainerItemProxy */;
		};
/* End PBXTargetDependency section */

/* Begin XCBuildConfiguration section */
		337C88162E43A0C500BE0B8D /* Debug */ = {
			isa = XCBuildConfiguration;
			buildSettings = {
				ASSETCATALOG_COMPILER_APPICON_NAME = AppIcon;
				ASSETCATALOG_COMPILER_GLOBAL_ACCENT_COLOR_NAME = AccentColor;
				CODE_SIGN_STYLE = Automatic;
				CURRENT_PROJECT_VERSION = 1;
				DEVELOPMENT_TEAM = 47H643899R;
				GENERATE_INFOPLIST_FILE = YES;
				INFOPLIST_FILE = Sproutly/Info.plist;
				INFOPLIST_KEY_UIApplicationSupportsIndirectInputEvents = YES;
				INFOPLIST_KEY_UILaunchStoryboardName = LaunchScreen;
				INFOPLIST_KEY_UIMainStoryboardFile = Main;
				INFOPLIST_KEY_UISupportedInterfaceOrientations_iPad = "UIInterfaceOrientationPortrait UIInterfaceOrientationPortraitUpsideDown UIInterfaceOrientationLandscapeLeft UIInterfaceOrientationLandscapeRight";
				INFOPLIST_KEY_UISupportedInterfaceOrientations_iPhone = "UIInterfaceOrientationPortrait UIInterfaceOrientationLandscapeLeft UIInterfaceOrientationLandscapeRight";
				LD_RUNPATH_SEARCH_PATHS = (
					"$(inherited)",
					"@executable_path/Frameworks",
				);
				MARKETING_VERSION = 1.0;
				PRODUCT_BUNDLE_IDENTIFIER = com.deniztc.Sproutly;
				PRODUCT_NAME = "$(TARGET_NAME)";
				SWIFT_EMIT_LOC_STRINGS = YES;
				SWIFT_VERSION = 5.0;
				TARGETED_DEVICE_FAMILY = "1,2";
			};
			name = Debug;
		};
		337C88172E43A0C500BE0B8D /* Release */ = {
			isa = XCBuildConfiguration;
			buildSettings = {
				ASSETCATALOG_COMPILER_APPICON_NAME = AppIcon;
				ASSETCATALOG_COMPILER_GLOBAL_ACCENT_COLOR_NAME = AccentColor;
				CODE_SIGN_STYLE = Automatic;
				CURRENT_PROJECT_VERSION = 1;
				DEVELOPMENT_TEAM = 47H643899R;
				GENERATE_INFOPLIST_FILE = YES;
				INFOPLIST_FILE = Sproutly/Info.plist;
				INFOPLIST_KEY_UIApplicationSupportsIndirectInputEvents = YES;
				INFOPLIST_KEY_UILaunchStoryboardName = LaunchScreen;
				INFOPLIST_KEY_UIMainStoryboardFile = Main;
				INFOPLIST_KEY_UISupportedInterfaceOrientations_iPad = "UIInterfaceOrientationPortrait UIInterfaceOrientationPortraitUpsideDown UIInterfaceOrientationLandscapeLeft UIInterfaceOrientationLandscapeRight";
				INFOPLIST_KEY_UISupportedInterfaceOrientations_iPhone = "UIInterfaceOrientationPortrait UIInterfaceOrientationLandscapeLeft UIInterfaceOrientationLandscapeRight";
				LD_RUNPATH_SEARCH_PATHS = (
					"$(inherited)",
					"@executable_path/Frameworks",
				);
				MARKETING_VERSION = 1.0;
				PRODUCT_BUNDLE_IDENTIFIER = com.deniztc.Sproutly;
				PRODUCT_NAME = "$(TARGET_NAME)";
				SWIFT_EMIT_LOC_STRINGS = YES;
				SWIFT_VERSION = 5.0;
				TARGETED_DEVICE_FAMILY = "1,2";
			};
			name = Release;
		};
		337C88182E43A0C500BE0B8D /* Debug */ = {
			isa = XCBuildConfiguration;
			buildSettings = {
				ALWAYS_SEARCH_USER_PATHS = NO;
				ASSETCATALOG_COMPILER_GENERATE_SWIFT_ASSET_SYMBOL_EXTENSIONS = YES;
				CLANG_ANALYZER_NONNULL = YES;
				CLANG_ANALYZER_NUMBER_OBJECT_CONVERSION = YES_AGGRESSIVE;
				CLANG_CXX_LANGUAGE_STANDARD = "gnu++20";
				CLANG_ENABLE_MODULES = YES;
				CLANG_ENABLE_OBJC_ARC = YES;
				CLANG_ENABLE_OBJC_WEAK = YES;
				CLANG_WARN_BLOCK_CAPTURE_AUTORELEASING = YES;
				CLANG_WARN_BOOL_CONVERSION = YES;
				CLANG_WARN_COMMA = YES;
				CLANG_WARN_CONSTANT_CONVERSION = YES;
				CLANG_WARN_DEPRECATED_OBJC_IMPLEMENTATIONS = YES;
				CLANG_WARN_DIRECT_OBJC_ISA_USAGE = YES_ERROR;
				CLANG_WARN_DOCUMENTATION_COMMENTS = YES;
				CLANG_WARN_EMPTY_BODY = YES;
				CLANG_WARN_ENUM_CONVERSION = YES;
				CLANG_WARN_INFINITE_RECURSION = YES;
				CLANG_WARN_INT_CONVERSION = YES;
				CLANG_WARN_NON_LITERAL_NULL_CONVERSION = YES;
				CLANG_WARN_OBJC_IMPLICIT_RETAIN_SELF = YES;
				CLANG_WARN_OBJC_LITERAL_CONVERSION = YES;
				CLANG_WARN_OBJC_ROOT_CLASS = YES_ERROR;
				CLANG_WARN_QUOTED_INCLUDE_IN_FRAMEWORK_HEADER = YES;
				CLANG_WARN_RANGE_LOOP_ANALYSIS = YES;
				CLANG_WARN_STRICT_PROTOTYPES = YES;
				CLANG_WARN_SUSPICIOUS_MOVE = YES;
				CLANG_WARN_UNGUARDED_AVAILABILITY = YES_AGGRESSIVE;
				CLANG_WARN_UNREACHABLE_CODE = YES;
				CLANG_WARN__DUPLICATE_METHOD_MATCH = YES;
				COPY_PHASE_STRIP = NO;
				DEBUG_INFORMATION_FORMAT = dwarf;
				ENABLE_STRICT_OBJC_MSGSEND = YES;
				ENABLE_TESTABILITY = YES;
				ENABLE_USER_SCRIPT_SANDBOXING = YES;
				GCC_C_LANGUAGE_STANDARD = gnu17;
				GCC_DYNAMIC_NO_PIC = NO;
				GCC_NO_COMMON_BLOCKS = YES;
				GCC_OPTIMIZATION_LEVEL = 0;
				GCC_PREPROCESSOR_DEFINITIONS = (
					"DEBUG=1",
					"$(inherited)",
				);
				GCC_WARN_64_TO_32_BIT_CONVERSION = YES;
				GCC_WARN_ABOUT_RETURN_TYPE = YES_ERROR;
				GCC_WARN_UNDECLARED_SELECTOR = YES;
				GCC_WARN_UNINITIALIZED_AUTOS = YES_AGGRESSIVE;
				GCC_WARN_UNUSED_FUNCTION = YES;
				GCC_WARN_UNUSED_VARIABLE = YES;
				IPHONEOS_DEPLOYMENT_TARGET = 18.2;
				LOCALIZATION_PREFERS_STRING_CATALOGS = YES;
				MTL_ENABLE_DEBUG_INFO = INCLUDE_SOURCE;
				MTL_FAST_MATH = YES;
				ONLY_ACTIVE_ARCH = YES;
				SDKROOT = iphoneos;
				SWIFT_ACTIVE_COMPILATION_CONDITIONS = "DEBUG $(inherited)";
				SWIFT_OPTIMIZATION_LEVEL = "-Onone";
			};
			name = Debug;
		};
		337C88192E43A0C500BE0B8D /* Release */ = {
			isa = XCBuildConfiguration;
			buildSettings = {
				ALWAYS_SEARCH_USER_PATHS = NO;
				ASSETCATALOG_COMPILER_GENERATE_SWIFT_ASSET_SYMBOL_EXTENSIONS = YES;
				CLANG_ANALYZER_NONNULL = YES;
				CLANG_ANALYZER_NUMBER_OBJECT_CONVERSION = YES_AGGRESSIVE;
				CLANG_CXX_LANGUAGE_STANDARD = "gnu++20";
				CLANG_ENABLE_MODULES = YES;
				CLANG_ENABLE_OBJC_ARC = YES;
				CLANG_ENABLE_OBJC_WEAK = YES;
				CLANG_WARN_BLOCK_CAPTURE_AUTORELEASING = YES;
				CLANG_WARN_BOOL_CONVERSION = YES;
				CLANG_WARN_COMMA = YES;
				CLANG_WARN_CONSTANT_CONVERSION = YES;
				CLANG_WARN_DEPRECATED_OBJC_IMPLEMENTATIONS = YES;
				CLANG_WARN_DIRECT_OBJC_ISA_USAGE = YES_ERROR;
				CLANG_WARN_DOCUMENTATION_COMMENTS = YES;
				CLANG_WARN_EMPTY_BODY = YES;
				CLANG_WARN_ENUM_CONVERSION = YES;
				CLANG_WARN_INFINITE_RECURSION = YES;
				CLANG_WARN_INT_CONVERSION = YES;
				CLANG_WARN_NON_LITERAL_NULL_CONVERSION = YES;
				CLANG_WARN_OBJC_IMPLICIT_RETAIN_SELF = YES;
				CLANG_WARN_OBJC_LITERAL_CONVERSION = YES;
				CLANG_WARN_OBJC_ROOT_CLASS = YES_ERROR;
				CLANG_WARN_QUOTED_INCLUDE_IN_FRAMEWORK_HEADER = YES;
				CLANG_WARN_RANGE_LOOP_ANALYSIS = YES;
				CLANG_WARN_STRICT_PROTOTYPES = YES;
				CLANG_WARN_SUSPICIOUS_MOVE = YES;
				CLANG_WARN_UNGUARDED_AVAILABILITY = YES_AGGRESSIVE;
				CLANG_WARN_UNREACHABLE_CODE = YES;
				CLANG_WARN__DUPLICATE_METHOD_MATCH = YES;
				COPY_PHASE_STRIP = NO;
				DEBUG_INFORMATION_FORMAT = "dwarf-with-dsym";
				ENABLE_NS_ASSERTIONS = NO;
				ENABLE_STRICT_OBJC_MSGSEND = YES;
				ENABLE_USER_SCRIPT_SANDBOXING = YES;
				GCC_C_LANGUAGE_STANDARD = gnu17;
				GCC_NO_COMMON_BLOCKS = YES;
				GCC_WARN_64_TO_32_BIT_CONVERSION = YES;
				GCC_WARN_ABOUT_RETURN_TYPE = YES_ERROR;
				GCC_WARN_UNDECLARED_SELECTOR = YES;
				GCC_WARN_UNINITIALIZED_AUTOS = YES_AGGRESSIVE;
				GCC_WARN_UNUSED_FUNCTION = YES;
				GCC_WARN_UNUSED_VARIABLE = YES;
				IPHONEOS_DEPLOYMENT_TARGET = 18.2;
				LOCALIZATION_PREFERS_STRING_CATALOGS = YES;
				MTL_ENABLE_DEBUG_INFO = NO;
				MTL_FAST_MATH = YES;
				SDKROOT = iphoneos;
				SWIFT_COMPILATION_MODE = wholemodule;
				VALIDATE_PRODUCT = YES;
			};
			name = Release;
		};
		337C881B2E43A0C500BE0B8D /* Debug */ = {
			isa = XCBuildConfiguration;
			buildSettings = {
				BUNDLE_LOADER = "$(TEST_HOST)";
				CODE_SIGN_STYLE = Automatic;
				CURRENT_PROJECT_VERSION = 1;
				DEVELOPMENT_TEAM = 47H643899R;
				GENERATE_INFOPLIST_FILE = YES;
				IPHONEOS_DEPLOYMENT_TARGET = 18.2;
				MARKETING_VERSION = 1.0;
				PRODUCT_BUNDLE_IDENTIFIER = com.deniztc.SproutlyTests;
				PRODUCT_NAME = "$(TARGET_NAME)";
				SWIFT_EMIT_LOC_STRINGS = NO;
				SWIFT_VERSION = 5.0;
				TARGETED_DEVICE_FAMILY = "1,2";
				TEST_HOST = "$(BUILT_PRODUCTS_DIR)/Sproutly.app/$(BUNDLE_EXECUTABLE_FOLDER_PATH)/Sproutly";
			};
			name = Debug;
		};
		337C881C2E43A0C500BE0B8D /* Release */ = {
			isa = XCBuildConfiguration;
			buildSettings = {
				BUNDLE_LOADER = "$(TEST_HOST)";
				CODE_SIGN_STYLE = Automatic;
				CURRENT_PROJECT_VERSION = 1;
				DEVELOPMENT_TEAM = 47H643899R;
				GENERATE_INFOPLIST_FILE = YES;
				IPHONEOS_DEPLOYMENT_TARGET = 18.2;
				MARKETING_VERSION = 1.0;
				PRODUCT_BUNDLE_IDENTIFIER = com.deniztc.SproutlyTests;
				PRODUCT_NAME = "$(TARGET_NAME)";
				SWIFT_EMIT_LOC_STRINGS = NO;
				SWIFT_VERSION = 5.0;
				TARGETED_DEVICE_FAMILY = "1,2";
				TEST_HOST = "$(BUILT_PRODUCTS_DIR)/Sproutly.app/$(BUNDLE_EXECUTABLE_FOLDER_PATH)/Sproutly";
			};
			name = Release;
		};
		337C881E2E43A0C500BE0B8D /* Debug */ = {
			isa = XCBuildConfiguration;
			buildSettings = {
				CODE_SIGN_STYLE = Automatic;
				CURRENT_PROJECT_VERSION = 1;
				DEVELOPMENT_TEAM = 47H643899R;
				GENERATE_INFOPLIST_FILE = YES;
				MARKETING_VERSION = 1.0;
				PRODUCT_BUNDLE_IDENTIFIER = com.deniztc.SproutlyUITests;
				PRODUCT_NAME = "$(TARGET_NAME)";
				SWIFT_EMIT_LOC_STRINGS = NO;
				SWIFT_VERSION = 5.0;
				TARGETED_DEVICE_FAMILY = "1,2";
				TEST_TARGET_NAME = Sproutly;
			};
			name = Debug;
		};
		337C881F2E43A0C500BE0B8D /* Release */ = {
			isa = XCBuildConfiguration;
			buildSettings = {
				CODE_SIGN_STYLE = Automatic;
				CURRENT_PROJECT_VERSION = 1;
				DEVELOPMENT_TEAM = 47H643899R;
				GENERATE_INFOPLIST_FILE = YES;
				MARKETING_VERSION = 1.0;
				PRODUCT_BUNDLE_IDENTIFIER = com.deniztc.SproutlyUITests;
				PRODUCT_NAME = "$(TARGET_NAME)";
				SWIFT_EMIT_LOC_STRINGS = NO;
				SWIFT_VERSION = 5.0;
				TARGETED_DEVICE_FAMILY = "1,2";
				TEST_TARGET_NAME = Sproutly;
			};
			name = Release;
		};
/* End XCBuildConfiguration section */

/* Begin XCConfigurationList section */
		337C87E42E43A0C300BE0B8D /* Build configuration list for PBXProject "Sproutly" */ = {
			isa = XCConfigurationList;
			buildConfigurations = (
				337C88182E43A0C500BE0B8D /* Debug */,
				337C88192E43A0C500BE0B8D /* Release */,
			);
			defaultConfigurationIsVisible = 0;
			defaultConfigurationName = Release;
		};
		337C88152E43A0C500BE0B8D /* Build configuration list for PBXNativeTarget "Sproutly" */ = {
			isa = XCConfigurationList;
			buildConfigurations = (
				337C88162E43A0C500BE0B8D /* Debug */,
				337C88172E43A0C500BE0B8D /* Release */,
			);
			defaultConfigurationIsVisible = 0;
			defaultConfigurationName = Release;
		};
		337C881A2E43A0C500BE0B8D /* Build configuration list for PBXNativeTarget "SproutlyTests" */ = {
			isa = XCConfigurationList;
			buildConfigurations = (
				337C881B2E43A0C500BE0B8D /* Debug */,
				337C881C2E43A0C500BE0B8D /* Release */,
			);
			defaultConfigurationIsVisible = 0;
			defaultConfigurationName = Release;
		};
		337C881D2E43A0C500BE0B8D /* Build configuration list for PBXNativeTarget "SproutlyUITests" */ = {
			isa = XCConfigurationList;
			buildConfigurations = (
				337C881E2E43A0C500BE0B8D /* Debug */,
				337C881F2E43A0C500BE0B8D /* Release */,
			);
			defaultConfigurationIsVisible = 0;
			defaultConfigurationName = Release;
		};
/* End XCConfigurationList section */
	};
	rootObject = 337C87E12E43A0C300BE0B8D /* Project object */;
}
